
Microsoft Visual Studio Solution File, Format Version 12.00
# Visual Studio Version 17
VisualStudioVersion = 17.12.35527.113
MinimumVisualStudioVersion = 10.0.40219.1
Project("{FAE04EC0-301F-11D3-BF4B-00C04F79EFBC}") = "MaciScript", "MaciScript.csproj", "{9ACA826E-4C7E-43A9-8786-A3B2E99CF90C}"
EndProject
Project("{FAE04EC0-301F-11D3-BF4B-00C04F79EFBC}") = "Program", "Program\Program.csproj", "{8DED2052-9E13-4106-A812-FB018C2300B9}"
EndProject
Global
	GlobalSection(SolutionConfigurationPlatforms) = preSolution
		Debug|Any CPU = Debug|Any CPU
		Release|Any CPU = Release|Any CPU
	EndGlobalSection
	GlobalSection(ProjectConfigurationPlatforms) = postSolution
		{9ACA826E-4C7E-43A9-8786-A3B2E99CF90C}.Debug|Any CPU.ActiveCfg = Debug|Any CPU
		{9ACA826E-4C7E-43A9-8786-A3B2E99CF90C}.Debug|Any CPU.Build.0 = Debug|Any CPU
		{9ACA826E-4C7E-43A9-8786-A3B2E99CF90C}.Release|Any CPU.ActiveCfg = Release|Any CPU
		{9ACA826E-4C7E-43A9-8786-A3B2E99CF90C}.Release|Any CPU.Build.0 = Release|Any CPU
		{8DED2052-9E13-4106-A812-FB018C2300B9}.Debug|Any CPU.ActiveCfg = Debug|Any CPU
		{8DED2052-9E13-4106-A812-FB018C2300B9}.Debug|Any CPU.Build.0 = Debug|Any CPU
		{8DED2052-9E13-4106-A812-FB018C2300B9}.Release|Any CPU.ActiveCfg = Release|Any CPU
		{8DED2052-9E13-4106-A812-FB018C2300B9}.Release|Any CPU.Build.0 = Release|Any CPU
	EndGlobalSection
	GlobalSection(SolutionProperties) = preSolution
		HideSolutionNode = FALSE
	EndGlobalSection
EndGlobal
